
Microsoft Visual Studio Solution File, Format Version 12.00
# Visual Studio Version 17
VisualStudioVersion = 17.7.34024.191
MinimumVisualStudioVersion = 10.0.40219.1
Project("{FAE04EC0-301F-11D3-BF4B-00C04F79EFBC}") = "MvcDepartment", "MvcDepartment\MvcDepartment.csproj", "{2F441D70-6BB6-4545-8B1E-8EA2C088B54F}"
EndProject
Global
	GlobalSection(SolutionConfigurationPlatforms) = preSolution
		Debug|Any CPU = Debug|Any CPU
		Release|Any CPU = Release|Any CPU
	EndGlobalSection
	GlobalSection(ProjectConfigurationPlatforms) = postSolution
		{2F441D70-6BB6-4545-8B1E-8EA2C088B54F}.Debug|Any CPU.ActiveCfg = Debug|Any CPU
		{2F441D70-6BB6-4545-8B1E-8EA2C088B54F}.Debug|Any CPU.Build.0 = Debug|Any CPU
		{2F441D70-6BB6-4545-8B1E-8EA2C088B54F}.Release|Any CPU.ActiveCfg = Release|Any CPU
		{2F441D70-6BB6-4545-8B1E-8EA2C088B54F}.Release|Any CPU.Build.0 = Release|Any CPU
	EndGlobalSection
	GlobalSection(SolutionProperties) = preSolution
		HideSolutionNode = FALSE
	EndGlobalSection
	GlobalSection(ExtensibilityGlobals) = postSolution
		SolutionGuid = {700F7859-92CE-4FBB-9135-D3CD556D02E7}
	EndGlobalSection
EndGlobal
